
Microsoft Visual Studio Solution File, Format Version 12.00
# Visual Studio Version 16
VisualStudioVersion = 16.0.29020.237
MinimumVisualStudioVersion = 10.0.40219.1
Project("{FAE04EC0-301F-11D3-BF4B-00C04F79EFBC}") = "JsonToCsv", "JsonToCsv\JsonToCsv.csproj", "{5E1989B2-7BD2-484D-9B68-2A78252A5B4A}"
EndProject
Global
	GlobalSection(SolutionConfigurationPlatforms) = preSolution
		Debug|Any CPU = Debug|Any CPU
		Release|Any CPU = Release|Any CPU
	EndGlobalSection
	GlobalSection(ProjectConfigurationPlatforms) = postSolution
		{5E1989B2-7BD2-484D-9B68-2A78252A5B4A}.Debug|Any CPU.ActiveCfg = Debug|Any CPU
		{5E1989B2-7BD2-484D-9B68-2A78252A5B4A}.Debug|Any CPU.Build.0 = Debug|Any CPU
		{5E1989B2-7BD2-484D-9B68-2A78252A5B4A}.Release|Any CPU.ActiveCfg = Release|Any CPU
		{5E1989B2-7BD2-484D-9B68-2A78252A5B4A}.Release|Any CPU.Build.0 = Release|Any CPU
	EndGlobalSection
	GlobalSection(SolutionProperties) = preSolution
		HideSolutionNode = FALSE
	EndGlobalSection
	GlobalSection(ExtensibilityGlobals) = postSolution
		SolutionGuid = {A03D4651-6498-4BEF-842B-5E89BC22D580}
	EndGlobalSection
EndGlobal
